// !$*UTF8*$!
{
	archiveVersion = 1;
	classes = {
	};
	objectVersion = 56;
	objects = {

/* Begin PBXBuildFile section */
		B70389D62C527FC800A59C00 /* GasMileageDetails.swift in Sources */ = {isa = PBXBuildFile; fileRef = B70389D52C527FC800A59C00 /* GasMileageDetails.swift */; };
		B70F97B52C42E71A0037D26F /* Utils.swift in Sources */ = {isa = PBXBuildFile; fileRef = B70F97B42C42E71A0037D26F /* Utils.swift */; };
		B75A527B2C0DE19200111A3A /* Gas_MileageApp.swift in Sources */ = {isa = PBXBuildFile; fileRef = B75A527A2C0DE19200111A3A /* Gas_MileageApp.swift */; };
		B75A527D2C0DE19200111A3A /* ContentView.swift in Sources */ = {isa = PBXBuildFile; fileRef = B75A527C2C0DE19200111A3A /* ContentView.swift */; };
		B75A527F2C0DE19200111A3A /* GasFillEntry.swift in Sources */ = {isa = PBXBuildFile; fileRef = B75A527E2C0DE19200111A3A /* GasFillEntry.swift */; };
		B75A52812C0DE19400111A3A /* Assets.xcassets in Resources */ = {isa = PBXBuildFile; fileRef = B75A52802C0DE19400111A3A /* Assets.xcassets */; };
		B75A52842C0DE19400111A3A /* Preview Assets.xcassets in Resources */ = {isa = PBXBuildFile; fileRef = B75A52832C0DE19400111A3A /* Preview Assets.xcassets */; };
		B76B72CA2C31AD1C00B28752 /* ListOfEntriesTab.swift in Sources */ = {isa = PBXBuildFile; fileRef = B76B72C92C31AD1C00B28752 /* ListOfEntriesTab.swift */; };
		B76B72CC2C32F2B500B28752 /* testing_data.json in Resources */ = {isa = PBXBuildFile; fileRef = B76B72CB2C32F2B500B28752 /* testing_data.json */; };
		B7C992652C25CDFA00225D0A /* MainTab.swift in Sources */ = {isa = PBXBuildFile; fileRef = B7C992642C25CDFA00225D0A /* MainTab.swift */; };
		B7C992672C25E22C00225D0A /* ShortEntryRowView.swift in Sources */ = {isa = PBXBuildFile; fileRef = B7C992662C25E22C00225D0A /* ShortEntryRowView.swift */; };
		B7C9926A2C270A2800225D0A /* SimpleChartView.swift in Sources */ = {isa = PBXBuildFile; fileRef = B7C992692C270A2700225D0A /* SimpleChartView.swift */; };
		B7D9F78E2C60E40900F30404 /* GasMileageOverview.swift in Sources */ = {isa = PBXBuildFile; fileRef = B7D9F78D2C60E40900F30404 /* GasMileageOverview.swift */; };
		B7D9F7902C60E6A100F30404 /* ChartsTab.swift in Sources */ = {isa = PBXBuildFile; fileRef = B7D9F78F2C60E6A100F30404 /* ChartsTab.swift */; };
		B7F6CCA92C18C731003BD847 /* EntryRowView.swift in Sources */ = {isa = PBXBuildFile; fileRef = B7F6CCA82C18C731003BD847 /* EntryRowView.swift */; };
		B7F6CCAB2C18C818003BD847 /* EntryDetailsView.swift in Sources */ = {isa = PBXBuildFile; fileRef = B7F6CCAA2C18C818003BD847 /* EntryDetailsView.swift */; };
		B7F6CCAF2C19D16B003BD847 /* Extensions+Double.swift in Sources */ = {isa = PBXBuildFile; fileRef = B7F6CCAE2C19D16B003BD847 /* Extensions+Double.swift */; };
		B7F6CCB12C19DD4E003BD847 /* EditEntryView.swift in Sources */ = {isa = PBXBuildFile; fileRef = B7F6CCB02C19DD4E003BD847 /* EditEntryView.swift */; };
		B7F6CCB32C1C429F003BD847 /* SettingsView.swift in Sources */ = {isa = PBXBuildFile; fileRef = B7F6CCB22C1C429F003BD847 /* SettingsView.swift */; };
		B7F6CCB52C1C48B7003BD847 /* AppVersionProvider.swift in Sources */ = {isa = PBXBuildFile; fileRef = B7F6CCB42C1C48B7003BD847 /* AppVersionProvider.swift */; };
		B7F6CCB72C1C68BC003BD847 /* ChartsView.swift in Sources */ = {isa = PBXBuildFile; fileRef = B7F6CCB62C1C68BC003BD847 /* ChartsView.swift */; };
/* End PBXBuildFile section */

/* Begin PBXFileReference section */
		B70389D52C527FC800A59C00 /* GasMileageDetails.swift */ = {isa = PBXFileReference; lastKnownFileType = sourcecode.swift; path = GasMileageDetails.swift; sourceTree = "<group>"; };
		B70F97B42C42E71A0037D26F /* Utils.swift */ = {isa = PBXFileReference; lastKnownFileType = sourcecode.swift; path = Utils.swift; sourceTree = "<group>"; };
		B75A52772C0DE19200111A3A /* Gas Mileage.app */ = {isa = PBXFileReference; explicitFileType = wrapper.application; includeInIndex = 0; path = "Gas Mileage.app"; sourceTree = BUILT_PRODUCTS_DIR; };
		B75A527A2C0DE19200111A3A /* Gas_MileageApp.swift */ = {isa = PBXFileReference; lastKnownFileType = sourcecode.swift; path = Gas_MileageApp.swift; sourceTree = "<group>"; };
		B75A527C2C0DE19200111A3A /* ContentView.swift */ = {isa = PBXFileReference; lastKnownFileType = sourcecode.swift; path = ContentView.swift; sourceTree = "<group>"; };
		B75A527E2C0DE19200111A3A /* GasFillEntry.swift */ = {isa = PBXFileReference; lastKnownFileType = sourcecode.swift; path = GasFillEntry.swift; sourceTree = "<group>"; };
		B75A52802C0DE19400111A3A /* Assets.xcassets */ = {isa = PBXFileReference; lastKnownFileType = folder.assetcatalog; path = Assets.xcassets; sourceTree = "<group>"; };
		B75A52832C0DE19400111A3A /* Preview Assets.xcassets */ = {isa = PBXFileReference; lastKnownFileType = folder.assetcatalog; path = "Preview Assets.xcassets"; sourceTree = "<group>"; };
		B76B72C92C31AD1C00B28752 /* ListOfEntriesTab.swift */ = {isa = PBXFileReference; lastKnownFileType = sourcecode.swift; path = ListOfEntriesTab.swift; sourceTree = "<group>"; };
		B76B72CB2C32F2B500B28752 /* testing_data.json */ = {isa = PBXFileReference; fileEncoding = 4; lastKnownFileType = text.json; name = testing_data.json; path = ../testing_data.json; sourceTree = "<group>"; };
		B7C992642C25CDFA00225D0A /* MainTab.swift */ = {isa = PBXFileReference; lastKnownFileType = sourcecode.swift; path = MainTab.swift; sourceTree = "<group>"; };
		B7C992662C25E22C00225D0A /* ShortEntryRowView.swift */ = {isa = PBXFileReference; lastKnownFileType = sourcecode.swift; path = ShortEntryRowView.swift; sourceTree = "<group>"; };
		B7C992692C270A2700225D0A /* SimpleChartView.swift */ = {isa = PBXFileReference; lastKnownFileType = sourcecode.swift; path = SimpleChartView.swift; sourceTree = "<group>"; };
		B7D9F78D2C60E40900F30404 /* GasMileageOverview.swift */ = {isa = PBXFileReference; lastKnownFileType = sourcecode.swift; path = GasMileageOverview.swift; sourceTree = "<group>"; };
		B7D9F78F2C60E6A100F30404 /* ChartsTab.swift */ = {isa = PBXFileReference; lastKnownFileType = sourcecode.swift; path = ChartsTab.swift; sourceTree = "<group>"; };
		B7F6CCA82C18C731003BD847 /* EntryRowView.swift */ = {isa = PBXFileReference; lastKnownFileType = sourcecode.swift; path = EntryRowView.swift; sourceTree = "<group>"; };
		B7F6CCAA2C18C818003BD847 /* EntryDetailsView.swift */ = {isa = PBXFileReference; lastKnownFileType = sourcecode.swift; path = EntryDetailsView.swift; sourceTree = "<group>"; };
		B7F6CCAE2C19D16B003BD847 /* Extensions+Double.swift */ = {isa = PBXFileReference; lastKnownFileType = sourcecode.swift; path = "Extensions+Double.swift"; sourceTree = "<group>"; };
		B7F6CCB02C19DD4E003BD847 /* EditEntryView.swift */ = {isa = PBXFileReference; lastKnownFileType = sourcecode.swift; path = EditEntryView.swift; sourceTree = "<group>"; };
		B7F6CCB22C1C429F003BD847 /* SettingsView.swift */ = {isa = PBXFileReference; lastKnownFileType = sourcecode.swift; path = SettingsView.swift; sourceTree = "<group>"; };
		B7F6CCB42C1C48B7003BD847 /* AppVersionProvider.swift */ = {isa = PBXFileReference; lastKnownFileType = sourcecode.swift; path = AppVersionProvider.swift; sourceTree = "<group>"; };
		B7F6CCB62C1C68BC003BD847 /* ChartsView.swift */ = {isa = PBXFileReference; lastKnownFileType = sourcecode.swift; path = ChartsView.swift; sourceTree = "<group>"; };
/* End PBXFileReference section */

/* Begin PBXFrameworksBuildPhase section */
		B75A52742C0DE19200111A3A /* Frameworks */ = {
			isa = PBXFrameworksBuildPhase;
			buildActionMask = 2147483647;
			files = (
			);
			runOnlyForDeploymentPostprocessing = 0;
		};
/* End PBXFrameworksBuildPhase section */

/* Begin PBXGroup section */
		B75A526E2C0DE19200111A3A = {
			isa = PBXGroup;
			children = (
				B76B72CB2C32F2B500B28752 /* testing_data.json */,
				B75A52792C0DE19200111A3A /* Gas Mileage */,
				B75A52782C0DE19200111A3A /* Products */,
			);
			sourceTree = "<group>";
		};
		B75A52782C0DE19200111A3A /* Products */ = {
			isa = PBXGroup;
			children = (
				B75A52772C0DE19200111A3A /* Gas Mileage.app */,
			);
			name = Products;
			sourceTree = "<group>";
		};
		B75A52792C0DE19200111A3A /* Gas Mileage */ = {
			isa = PBXGroup;
			children = (
				B75A527A2C0DE19200111A3A /* Gas_MileageApp.swift */,
				B75A527C2C0DE19200111A3A /* ContentView.swift */,
				B7F6CCAD2C19D0AA003BD847 /* Extensions */,
				B7F6CCAC2C18CA81003BD847 /* Views */,
				B7F6CCA72C18615E003BD847 /* Enums */,
				B75A527E2C0DE19200111A3A /* GasFillEntry.swift */,
				B70F97B42C42E71A0037D26F /* Utils.swift */,
				B75A52802C0DE19400111A3A /* Assets.xcassets */,
				B75A52822C0DE19400111A3A /* Preview Content */,
			);
			path = "Gas Mileage";
			sourceTree = "<group>";
		};
		B75A52822C0DE19400111A3A /* Preview Content */ = {
			isa = PBXGroup;
			children = (
				B75A52832C0DE19400111A3A /* Preview Assets.xcassets */,
			);
			path = "Preview Content";
			sourceTree = "<group>";
		};
		B77E8CB82C3AD8A8002E3652 /* Charts */ = {
			isa = PBXGroup;
			children = (
				B7D9F78F2C60E6A100F30404 /* ChartsTab.swift */,
				B7F6CCB62C1C68BC003BD847 /* ChartsView.swift */,
				B7D9F78D2C60E40900F30404 /* GasMileageOverview.swift */,
				B70389D52C527FC800A59C00 /* GasMileageDetails.swift */,
			);
			path = Charts;
			sourceTree = "<group>";
		};
		B77E8CB92C3AD8B7002E3652 /* Entries */ = {
			isa = PBXGroup;
			children = (
				B76B72C92C31AD1C00B28752 /* ListOfEntriesTab.swift */,
				B7F6CCA82C18C731003BD847 /* EntryRowView.swift */,
				B7F6CCB02C19DD4E003BD847 /* EditEntryView.swift */,
				B7F6CCAA2C18C818003BD847 /* EntryDetailsView.swift */,
			);
			path = Entries;
			sourceTree = "<group>";
		};
		B7C992682C27092700225D0A /* Main */ = {
			isa = PBXGroup;
			children = (
				B7C992642C25CDFA00225D0A /* MainTab.swift */,
				B7C992692C270A2700225D0A /* SimpleChartView.swift */,
				B7C992662C25E22C00225D0A /* ShortEntryRowView.swift */,
			);
			path = Main;
			sourceTree = "<group>";
		};
		B7F6CCA72C18615E003BD847 /* Enums */ = {
			isa = PBXGroup;
			children = (
				B7F6CCB42C1C48B7003BD847 /* AppVersionProvider.swift */,
			);
			path = Enums;
			sourceTree = "<group>";
		};
		B7F6CCAC2C18CA81003BD847 /* Views */ = {
			isa = PBXGroup;
			children = (
				B7C992682C27092700225D0A /* Main */,
				B77E8CB92C3AD8B7002E3652 /* Entries */,
				B77E8CB82C3AD8A8002E3652 /* Charts */,
				B7F6CCB22C1C429F003BD847 /* SettingsView.swift */,
			);
			path = Views;
			sourceTree = "<group>";
		};
		B7F6CCAD2C19D0AA003BD847 /* Extensions */ = {
			isa = PBXGroup;
			children = (
				B7F6CCAE2C19D16B003BD847 /* Extensions+Double.swift */,
			);
			path = Extensions;
			sourceTree = "<group>";
		};
/* End PBXGroup section */

/* Begin PBXNativeTarget section */
		B75A52762C0DE19200111A3A /* Gas Mileage */ = {
			isa = PBXNativeTarget;
			buildConfigurationList = B75A52872C0DE19400111A3A /* Build configuration list for PBXNativeTarget "Gas Mileage" */;
			buildPhases = (
				B75A52732C0DE19200111A3A /* Sources */,
				B75A52742C0DE19200111A3A /* Frameworks */,
				B75A52752C0DE19200111A3A /* Resources */,
			);
			buildRules = (
			);
			dependencies = (
			);
			name = "Gas Mileage";
			productName = "Gas Mileage";
			productReference = B75A52772C0DE19200111A3A /* Gas Mileage.app */;
			productType = "com.apple.product-type.application";
		};
/* End PBXNativeTarget section */

/* Begin PBXProject section */
		B75A526F2C0DE19200111A3A /* Project object */ = {
			isa = PBXProject;
			attributes = {
				BuildIndependentTargetsInParallel = 1;
				LastSwiftUpdateCheck = 1540;
				LastUpgradeCheck = 1540;
				TargetAttributes = {
					B75A52762C0DE19200111A3A = {
						CreatedOnToolsVersion = 15.4;
					};
				};
			};
			buildConfigurationList = B75A52722C0DE19200111A3A /* Build configuration list for PBXProject "Gas Mileage" */;
			compatibilityVersion = "Xcode 14.0";
			developmentRegion = en;
			hasScannedForEncodings = 0;
			knownRegions = (
				en,
			);
			mainGroup = B75A526E2C0DE19200111A3A;
			productRefGroup = B75A52782C0DE19200111A3A /* Products */;
			projectDirPath = "";
			projectRoot = "";
			targets = (
				B75A52762C0DE19200111A3A /* Gas Mileage */,
			);
		};
/* End PBXProject section */

/* Begin PBXResourcesBuildPhase section */
		B75A52752C0DE19200111A3A /* Resources */ = {
			isa = PBXResourcesBuildPhase;
			buildActionMask = 2147483647;
			files = (
				B75A52842C0DE19400111A3A /* Preview Assets.xcassets in Resources */,
				B76B72CC2C32F2B500B28752 /* testing_data.json in Resources */,
				B75A52812C0DE19400111A3A /* Assets.xcassets in Resources */,
			);
			runOnlyForDeploymentPostprocessing = 0;
		};
/* End PBXResourcesBuildPhase section */

/* Begin PBXSourcesBuildPhase section */
		B75A52732C0DE19200111A3A /* Sources */ = {
			isa = PBXSourcesBuildPhase;
			buildActionMask = 2147483647;
			files = (
				B7D9F7902C60E6A100F30404 /* ChartsTab.swift in Sources */,
				B76B72CA2C31AD1C00B28752 /* ListOfEntriesTab.swift in Sources */,
				B70389D62C527FC800A59C00 /* GasMileageDetails.swift in Sources */,
				B7C992652C25CDFA00225D0A /* MainTab.swift in Sources */,
				B7F6CCB72C1C68BC003BD847 /* ChartsView.swift in Sources */,
				B7F6CCB12C19DD4E003BD847 /* EditEntryView.swift in Sources */,
				B7C992672C25E22C00225D0A /* ShortEntryRowView.swift in Sources */,
				B70F97B52C42E71A0037D26F /* Utils.swift in Sources */,
				B7F6CCAB2C18C818003BD847 /* EntryDetailsView.swift in Sources */,
				B7F6CCB52C1C48B7003BD847 /* AppVersionProvider.swift in Sources */,
				B7F6CCB32C1C429F003BD847 /* SettingsView.swift in Sources */,
				B75A527D2C0DE19200111A3A /* ContentView.swift in Sources */,
				B7C9926A2C270A2800225D0A /* SimpleChartView.swift in Sources */,
				B75A527F2C0DE19200111A3A /* GasFillEntry.swift in Sources */,
				B7F6CCAF2C19D16B003BD847 /* Extensions+Double.swift in Sources */,
				B7D9F78E2C60E40900F30404 /* GasMileageOverview.swift in Sources */,
				B7F6CCA92C18C731003BD847 /* EntryRowView.swift in Sources */,
				B75A527B2C0DE19200111A3A /* Gas_MileageApp.swift in Sources */,
			);
			runOnlyForDeploymentPostprocessing = 0;
		};
/* End PBXSourcesBuildPhase section */

/* Begin XCBuildConfiguration section */
		B75A52852C0DE19400111A3A /* Debug */ = {
			isa = XCBuildConfiguration;
			buildSettings = {
				ALWAYS_SEARCH_USER_PATHS = NO;
				ASSETCATALOG_COMPILER_GENERATE_SWIFT_ASSET_SYMBOL_EXTENSIONS = YES;
				CLANG_ANALYZER_NONNULL = YES;
				CLANG_ANALYZER_NUMBER_OBJECT_CONVERSION = YES_AGGRESSIVE;
				CLANG_CXX_LANGUAGE_STANDARD = "gnu++20";
				CLANG_ENABLE_MODULES = YES;
				CLANG_ENABLE_OBJC_ARC = YES;
				CLANG_ENABLE_OBJC_WEAK = YES;
				CLANG_WARN_BLOCK_CAPTURE_AUTORELEASING = YES;
				CLANG_WARN_BOOL_CONVERSION = YES;
				CLANG_WARN_COMMA = YES;
				CLANG_WARN_CONSTANT_CONVERSION = YES;
				CLANG_WARN_DEPRECATED_OBJC_IMPLEMENTATIONS = YES;
				CLANG_WARN_DIRECT_OBJC_ISA_USAGE = YES_ERROR;
				CLANG_WARN_DOCUMENTATION_COMMENTS = YES;
				CLANG_WARN_EMPTY_BODY = YES;
				CLANG_WARN_ENUM_CONVERSION = YES;
				CLANG_WARN_INFINITE_RECURSION = YES;
				CLANG_WARN_INT_CONVERSION = YES;
				CLANG_WARN_NON_LITERAL_NULL_CONVERSION = YES;
				CLANG_WARN_OBJC_IMPLICIT_RETAIN_SELF = YES;
				CLANG_WARN_OBJC_LITERAL_CONVERSION = YES;
				CLANG_WARN_OBJC_ROOT_CLASS = YES_ERROR;
				CLANG_WARN_QUOTED_INCLUDE_IN_FRAMEWORK_HEADER = YES;
				CLANG_WARN_RANGE_LOOP_ANALYSIS = YES;
				CLANG_WARN_STRICT_PROTOTYPES = YES;
				CLANG_WARN_SUSPICIOUS_MOVE = YES;
				CLANG_WARN_UNGUARDED_AVAILABILITY = YES_AGGRESSIVE;
				CLANG_WARN_UNREACHABLE_CODE = YES;
				CLANG_WARN__DUPLICATE_METHOD_MATCH = YES;
				CODE_SIGN_IDENTITY = "iPhone Distribution";
				COPY_PHASE_STRIP = NO;
				DEBUG_INFORMATION_FORMAT = dwarf;
				ENABLE_STRICT_OBJC_MSGSEND = YES;
				ENABLE_TESTABILITY = YES;
				ENABLE_USER_SCRIPT_SANDBOXING = YES;
				GCC_C_LANGUAGE_STANDARD = gnu17;
				GCC_DYNAMIC_NO_PIC = NO;
				GCC_NO_COMMON_BLOCKS = YES;
				GCC_OPTIMIZATION_LEVEL = 0;
				GCC_PREPROCESSOR_DEFINITIONS = (
					"DEBUG=1",
					"$(inherited)",
				);
				GCC_WARN_64_TO_32_BIT_CONVERSION = YES;
				GCC_WARN_ABOUT_RETURN_TYPE = YES_ERROR;
				GCC_WARN_UNDECLARED_SELECTOR = YES;
				GCC_WARN_UNINITIALIZED_AUTOS = YES_AGGRESSIVE;
				GCC_WARN_UNUSED_FUNCTION = YES;
				GCC_WARN_UNUSED_VARIABLE = YES;
				IPHONEOS_DEPLOYMENT_TARGET = 17.5;
				LOCALIZATION_PREFERS_STRING_CATALOGS = YES;
				MTL_ENABLE_DEBUG_INFO = INCLUDE_SOURCE;
				MTL_FAST_MATH = YES;
				ONLY_ACTIVE_ARCH = YES;
				SDKROOT = iphoneos;
				SWIFT_ACTIVE_COMPILATION_CONDITIONS = "DEBUG $(inherited)";
				SWIFT_OPTIMIZATION_LEVEL = "-Onone";
			};
			name = Debug;
		};
		B75A52862C0DE19400111A3A /* Release */ = {
			isa = XCBuildConfiguration;
			buildSettings = {
				ALWAYS_SEARCH_USER_PATHS = NO;
				ASSETCATALOG_COMPILER_GENERATE_SWIFT_ASSET_SYMBOL_EXTENSIONS = YES;
				CLANG_ANALYZER_NONNULL = YES;
				CLANG_ANALYZER_NUMBER_OBJECT_CONVERSION = YES_AGGRESSIVE;
				CLANG_CXX_LANGUAGE_STANDARD = "gnu++20";
				CLANG_ENABLE_MODULES = YES;
				CLANG_ENABLE_OBJC_ARC = YES;
				CLANG_ENABLE_OBJC_WEAK = YES;
				CLANG_WARN_BLOCK_CAPTURE_AUTORELEASING = YES;
				CLANG_WARN_BOOL_CONVERSION = YES;
				CLANG_WARN_COMMA = YES;
				CLANG_WARN_CONSTANT_CONVERSION = YES;
				CLANG_WARN_DEPRECATED_OBJC_IMPLEMENTATIONS = YES;
				CLANG_WARN_DIRECT_OBJC_ISA_USAGE = YES_ERROR;
				CLANG_WARN_DOCUMENTATION_COMMENTS = YES;
				CLANG_WARN_EMPTY_BODY = YES;
				CLANG_WARN_ENUM_CONVERSION = YES;
				CLANG_WARN_INFINITE_RECURSION = YES;
				CLANG_WARN_INT_CONVERSION = YES;
				CLANG_WARN_NON_LITERAL_NULL_CONVERSION = YES;
				CLANG_WARN_OBJC_IMPLICIT_RETAIN_SELF = YES;
				CLANG_WARN_OBJC_LITERAL_CONVERSION = YES;
				CLANG_WARN_OBJC_ROOT_CLASS = YES_ERROR;
				CLANG_WARN_QUOTED_INCLUDE_IN_FRAMEWORK_HEADER = YES;
				CLANG_WARN_RANGE_LOOP_ANALYSIS = YES;
				CLANG_WARN_STRICT_PROTOTYPES = YES;
				CLANG_WARN_SUSPICIOUS_MOVE = YES;
				CLANG_WARN_UNGUARDED_AVAILABILITY = YES_AGGRESSIVE;
				CLANG_WARN_UNREACHABLE_CODE = YES;
				CLANG_WARN__DUPLICATE_METHOD_MATCH = YES;
				CODE_SIGN_IDENTITY = "iPhone Distribution";
				COPY_PHASE_STRIP = NO;
				DEBUG_INFORMATION_FORMAT = "dwarf-with-dsym";
				ENABLE_NS_ASSERTIONS = NO;
				ENABLE_STRICT_OBJC_MSGSEND = YES;
				ENABLE_USER_SCRIPT_SANDBOXING = YES;
				GCC_C_LANGUAGE_STANDARD = gnu17;
				GCC_NO_COMMON_BLOCKS = YES;
				GCC_WARN_64_TO_32_BIT_CONVERSION = YES;
				GCC_WARN_ABOUT_RETURN_TYPE = YES_ERROR;
				GCC_WARN_UNDECLARED_SELECTOR = YES;
				GCC_WARN_UNINITIALIZED_AUTOS = YES_AGGRESSIVE;
				GCC_WARN_UNUSED_FUNCTION = YES;
				GCC_WARN_UNUSED_VARIABLE = YES;
				IPHONEOS_DEPLOYMENT_TARGET = 17.5;
				LOCALIZATION_PREFERS_STRING_CATALOGS = YES;
				MTL_ENABLE_DEBUG_INFO = NO;
				MTL_FAST_MATH = YES;
				SDKROOT = iphoneos;
				SWIFT_COMPILATION_MODE = wholemodule;
				VALIDATE_PRODUCT = YES;
			};
			name = Release;
		};
		B75A52882C0DE19400111A3A /* Debug */ = {
			isa = XCBuildConfiguration;
			buildSettings = {
				ASSETCATALOG_COMPILER_APPICON_NAME = AppIcon;
				ASSETCATALOG_COMPILER_GLOBAL_ACCENT_COLOR_NAME = AccentColor;
				CODE_SIGN_IDENTITY = "Apple Development";
				CODE_SIGN_STYLE = Automatic;
				CURRENT_PROJECT_VERSION = 5;
				DEVELOPMENT_ASSET_PATHS = "\"Gas Mileage/Preview Content\"";
				DEVELOPMENT_TEAM = PDX8748A9F;
				ENABLE_PREVIEWS = YES;
				GENERATE_INFOPLIST_FILE = YES;
				INFOPLIST_KEY_CFBundleDisplayName = "Gas Mileage";
				INFOPLIST_KEY_LSApplicationCategoryType = "public.app-category.utilities";
				INFOPLIST_KEY_UIApplicationSceneManifest_Generation = YES;
				INFOPLIST_KEY_UIApplicationSupportsIndirectInputEvents = YES;
				INFOPLIST_KEY_UILaunchScreen_Generation = YES;
				INFOPLIST_KEY_UIStatusBarHidden = YES;
				INFOPLIST_KEY_UISupportedInterfaceOrientations = UIInterfaceOrientationPortrait;
				INFOPLIST_KEY_UISupportedInterfaceOrientations_iPad = "UIInterfaceOrientationLandscapeLeft UIInterfaceOrientationLandscapeRight UIInterfaceOrientationPortrait UIInterfaceOrientationPortraitUpsideDown";
				IPHONEOS_DEPLOYMENT_TARGET = 17.0;
				LD_RUNPATH_SEARCH_PATHS = (
					"$(inherited)",
					"@executable_path/Frameworks",
				);
				MARKETING_VERSION = 1.0.0;
				PRODUCT_BUNDLE_IDENTIFIER = "com.shuklin.Gas-Mileage";
				PRODUCT_NAME = "$(TARGET_NAME)";
				PROVISIONING_PROFILE_SPECIFIER = "";
				SUPPORTED_PLATFORMS = "iphoneos iphonesimulator";
				SUPPORTS_MACCATALYST = NO;
				SUPPORTS_MAC_DESIGNED_FOR_IPHONE_IPAD = NO;
				SUPPORTS_XR_DESIGNED_FOR_IPHONE_IPAD = NO;
				SWIFT_EMIT_LOC_STRINGS = YES;
				SWIFT_VERSION = 5.0;
				TARGETED_DEVICE_FAMILY = 1;
			};
			name = Debug;
		};
		B75A52892C0DE19400111A3A /* Release */ = {
			isa = XCBuildConfiguration;
			buildSettings = {
				ASSETCATALOG_COMPILER_APPICON_NAME = AppIcon;
				ASSETCATALOG_COMPILER_GLOBAL_ACCENT_COLOR_NAME = AccentColor;
				CODE_SIGN_IDENTITY = "Apple Development";
				CODE_SIGN_STYLE = Automatic;
				CURRENT_PROJECT_VERSION = 5;
				DEVELOPMENT_ASSET_PATHS = "\"Gas Mileage/Preview Content\"";
				DEVELOPMENT_TEAM = PDX8748A9F;
				ENABLE_PREVIEWS = YES;
				GENERATE_INFOPLIST_FILE = YES;
				INFOPLIST_KEY_CFBundleDisplayName = "Gas Mileage";
				INFOPLIST_KEY_LSApplicationCategoryType = "public.app-category.utilities";
				INFOPLIST_KEY_UIApplicationSceneManifest_Generation = YES;
				INFOPLIST_KEY_UIApplicationSupportsIndirectInputEvents = YES;
				INFOPLIST_KEY_UILaunchScreen_Generation = YES;
				INFOPLIST_KEY_UIStatusBarHidden = YES;
				INFOPLIST_KEY_UISupportedInterfaceOrientations = UIInterfaceOrientationPortrait;
				INFOPLIST_KEY_UISupportedInterfaceOrientations_iPad = "UIInterfaceOrientationLandscapeLeft UIInterfaceOrientationLandscapeRight UIInterfaceOrientationPortrait UIInterfaceOrientationPortraitUpsideDown";
				IPHONEOS_DEPLOYMENT_TARGET = 17.0;
				LD_RUNPATH_SEARCH_PATHS = (
					"$(inherited)",
					"@executable_path/Frameworks",
				);
				MARKETING_VERSION = 1.0.0;
				PRODUCT_BUNDLE_IDENTIFIER = "com.shuklin.Gas-Mileage";
				PRODUCT_NAME = "$(TARGET_NAME)";
				PROVISIONING_PROFILE_SPECIFIER = "";
				SUPPORTED_PLATFORMS = "iphoneos iphonesimulator";
				SUPPORTS_MACCATALYST = NO;
				SUPPORTS_MAC_DESIGNED_FOR_IPHONE_IPAD = NO;
				SUPPORTS_XR_DESIGNED_FOR_IPHONE_IPAD = NO;
				SWIFT_EMIT_LOC_STRINGS = YES;
				SWIFT_VERSION = 5.0;
				TARGETED_DEVICE_FAMILY = 1;
			};
			name = Release;
		};
/* End XCBuildConfiguration section */

/* Begin XCConfigurationList section */
		B75A52722C0DE19200111A3A /* Build configuration list for PBXProject "Gas Mileage" */ = {
			isa = XCConfigurationList;
			buildConfigurations = (
				B75A52852C0DE19400111A3A /* Debug */,
				B75A52862C0DE19400111A3A /* Release */,
			);
			defaultConfigurationIsVisible = 0;
			defaultConfigurationName = Release;
		};
		B75A52872C0DE19400111A3A /* Build configuration list for PBXNativeTarget "Gas Mileage" */ = {
			isa = XCConfigurationList;
			buildConfigurations = (
				B75A52882C0DE19400111A3A /* Debug */,
				B75A52892C0DE19400111A3A /* Release */,
			);
			defaultConfigurationIsVisible = 0;
			defaultConfigurationName = Release;
		};
/* End XCConfigurationList section */
	};
	rootObject = B75A526F2C0DE19200111A3A /* Project object */;
}
